
Microsoft Visual Studio Solution File, Format Version 12.00
# Visual Studio Version 17
VisualStudioVersion = 17.1.32210.238
MinimumVisualStudioVersion = 10.0.40219.1
Project("{2150E333-8FDC-42A3-9474-1A3956D46DE8}") = "src", "src", "{D19B4DDB-C8A7-43F3-AFFD-108D92DBB122}"
EndProject
Project("{2150E333-8FDC-42A3-9474-1A3956D46DE8}") = "test", "test", "{4B7B7A48-C92C-470E-ADA1-D63F95767566}"
EndProject
Project("{2150E333-8FDC-42A3-9474-1A3956D46DE8}") = "samples", "samples", "{BD62021F-E09D-4B26-AF66-38A760029DDF}"
EndProject
Project("{9A19103F-16F7-4668-BE54-9A1E7A4F7556}") = "Dncy.EventBus.Abstract", "src\Pluto.EventBus.Abstract\Dncy.EventBus.Abstract.csproj", "{361423DC-2910-4085-8321-AB85357BF3A4}"
EndProject
Project("{9A19103F-16F7-4668-BE54-9A1E7A4F7556}") = "Dncy.EventBus.RabbitMQ", "src\Pluto.EventBus.RabbitMQ\Dncy.EventBus.RabbitMQ.csproj", "{E88CB45A-00D3-4A2B-92CE-3EBE7C1FE79F}"
EndProject
Project("{9A19103F-16F7-4668-BE54-9A1E7A4F7556}") = "Dncy.EventBus.AliyunRocketMQ", "src\Pluto.EventBus.RocketMQ\Dncy.EventBus.AliyunRocketMQ.csproj", "{F4B72384-7410-40AC-8252-32FB3554F6D5}"
EndProject
Project("{9A19103F-16F7-4668-BE54-9A1E7A4F7556}") = "Dncy.EventBus.AliyunRocketMQCore", "src\Dncy.EventBus.RocketMQCore\Dncy.EventBus.AliyunRocketMQCore.csproj", "{8C19BECC-763F-4428-A432-F277E05BDBED}"
EndProject
Project("{2150E333-8FDC-42A3-9474-1A3956D46DE8}") = "rocketmq", "rocketmq", "{E4EC383A-10EC-4190-B545-F306A0B59B54}"
EndProject
Project("{2150E333-8FDC-42A3-9474-1A3956D46DE8}") = "rabbitmq", "rabbitmq", "{57E02CC9-E12C-4EF9-8AA6-26043682F293}"
EndProject
Project("{2150E333-8FDC-42A3-9474-1A3956D46DE8}") = "rocketmq_with_router", "rocketmq_with_router", "{CFAFF690-83C4-4C41-AAF3-9C1C254D9D9B}"
EndProject
Project("{9A19103F-16F7-4668-BE54-9A1E7A4F7556}") = "Sample", "samples\rocketmq\Sample\Sample.csproj", "{BE84914C-12C4-42C3-9E87-D9D542C4A3AF}"
EndProject
Project("{9A19103F-16F7-4668-BE54-9A1E7A4F7556}") = "Sample", "samples\rocketmq_with_router\Sample\Sample.csproj", "{6016583E-D026-4F93-A684-84A90162B0E9}"
EndProject
Project("{9A19103F-16F7-4668-BE54-9A1E7A4F7556}") = "Sample", "samples\rabbitmq\Sample\Sample.csproj", "{DE249075-2CED-46E5-8970-5DEB92BC689F}"
EndProject
Project("{9A19103F-16F7-4668-BE54-9A1E7A4F7556}") = "Dncy.EventBus.SubscribeActivator", "src\Dncy.EventBus.Activator\Dncy.EventBus.SubscribeActivator.csproj", "{80C90557-569F-4F75-BC2A-B8BEF2E392F7}"
EndProject
Project("{2150E333-8FDC-42A3-9474-1A3956D46DE8}") = "use_activitor", "use_activitor", "{E3CC87D0-BC81-4229-97AD-8BB687AF2D22}"
EndProject
Project("{2150E333-8FDC-42A3-9474-1A3956D46DE8}") = "use_handlemanager", "use_handlemanager", "{E36B3467-263C-4A5A-9D8F-535691810623}"
EndProject
Project("{FAE04EC0-301F-11D3-BF4B-00C04F79EFBC}") = "rabbitmq_api", "samples\rabbitmq_api\rabbitmq_api.csproj", "{0EB4EB60-1F2F-41F9-A953-FAABAB997009}"
EndProject
Global
	GlobalSection(SolutionConfigurationPlatforms) = preSolution
		Debug|Any CPU = Debug|Any CPU
		Release|Any CPU = Release|Any CPU
	EndGlobalSection
	GlobalSection(ProjectConfigurationPlatforms) = postSolution
		{361423DC-2910-4085-8321-AB85357BF3A4}.Debug|Any CPU.ActiveCfg = Debug|Any CPU
		{361423DC-2910-4085-8321-AB85357BF3A4}.Debug|Any CPU.Build.0 = Debug|Any CPU
		{361423DC-2910-4085-8321-AB85357BF3A4}.Release|Any CPU.ActiveCfg = Release|Any CPU
		{361423DC-2910-4085-8321-AB85357BF3A4}.Release|Any CPU.Build.0 = Release|Any CPU
		{E88CB45A-00D3-4A2B-92CE-3EBE7C1FE79F}.Debug|Any CPU.ActiveCfg = Debug|Any CPU
		{E88CB45A-00D3-4A2B-92CE-3EBE7C1FE79F}.Debug|Any CPU.Build.0 = Debug|Any CPU
		{E88CB45A-00D3-4A2B-92CE-3EBE7C1FE79F}.Release|Any CPU.ActiveCfg = Release|Any CPU
		{E88CB45A-00D3-4A2B-92CE-3EBE7C1FE79F}.Release|Any CPU.Build.0 = Release|Any CPU
		{F4B72384-7410-40AC-8252-32FB3554F6D5}.Debug|Any CPU.ActiveCfg = Debug|Any CPU
		{F4B72384-7410-40AC-8252-32FB3554F6D5}.Debug|Any CPU.Build.0 = Debug|Any CPU
		{F4B72384-7410-40AC-8252-32FB3554F6D5}.Release|Any CPU.ActiveCfg = Release|Any CPU
		{F4B72384-7410-40AC-8252-32FB3554F6D5}.Release|Any CPU.Build.0 = Release|Any CPU
		{8C19BECC-763F-4428-A432-F277E05BDBED}.Debug|Any CPU.ActiveCfg = Debug|Any CPU
		{8C19BECC-763F-4428-A432-F277E05BDBED}.Debug|Any CPU.Build.0 = Debug|Any CPU
		{8C19BECC-763F-4428-A432-F277E05BDBED}.Release|Any CPU.ActiveCfg = Release|Any CPU
		{8C19BECC-763F-4428-A432-F277E05BDBED}.Release|Any CPU.Build.0 = Release|Any CPU
		{BE84914C-12C4-42C3-9E87-D9D542C4A3AF}.Debug|Any CPU.ActiveCfg = Debug|Any CPU
		{BE84914C-12C4-42C3-9E87-D9D542C4A3AF}.Debug|Any CPU.Build.0 = Debug|Any CPU
		{BE84914C-12C4-42C3-9E87-D9D542C4A3AF}.Release|Any CPU.ActiveCfg = Release|Any CPU
		{BE84914C-12C4-42C3-9E87-D9D542C4A3AF}.Release|Any CPU.Build.0 = Release|Any CPU
		{6016583E-D026-4F93-A684-84A90162B0E9}.Debug|Any CPU.ActiveCfg = Debug|Any CPU
		{6016583E-D026-4F93-A684-84A90162B0E9}.Debug|Any CPU.Build.0 = Debug|Any CPU
		{6016583E-D026-4F93-A684-84A90162B0E9}.Release|Any CPU.ActiveCfg = Release|Any CPU
		{6016583E-D026-4F93-A684-84A90162B0E9}.Release|Any CPU.Build.0 = Release|Any CPU
		{DE249075-2CED-46E5-8970-5DEB92BC689F}.Debug|Any CPU.ActiveCfg = Debug|Any CPU
		{DE249075-2CED-46E5-8970-5DEB92BC689F}.Debug|Any CPU.Build.0 = Debug|Any CPU
		{DE249075-2CED-46E5-8970-5DEB92BC689F}.Release|Any CPU.ActiveCfg = Release|Any CPU
		{DE249075-2CED-46E5-8970-5DEB92BC689F}.Release|Any CPU.Build.0 = Release|Any CPU
		{80C90557-569F-4F75-BC2A-B8BEF2E392F7}.Debug|Any CPU.ActiveCfg = Debug|Any CPU
		{80C90557-569F-4F75-BC2A-B8BEF2E392F7}.Debug|Any CPU.Build.0 = Debug|Any CPU
		{80C90557-569F-4F75-BC2A-B8BEF2E392F7}.Release|Any CPU.ActiveCfg = Release|Any CPU
		{80C90557-569F-4F75-BC2A-B8BEF2E392F7}.Release|Any CPU.Build.0 = Release|Any CPU
		{0EB4EB60-1F2F-41F9-A953-FAABAB997009}.Debug|Any CPU.ActiveCfg = Debug|Any CPU
		{0EB4EB60-1F2F-41F9-A953-FAABAB997009}.Debug|Any CPU.Build.0 = Debug|Any CPU
		{0EB4EB60-1F2F-41F9-A953-FAABAB997009}.Release|Any CPU.ActiveCfg = Release|Any CPU
		{0EB4EB60-1F2F-41F9-A953-FAABAB997009}.Release|Any CPU.Build.0 = Release|Any CPU
	EndGlobalSection
	GlobalSection(SolutionProperties) = preSolution
		HideSolutionNode = FALSE
	EndGlobalSection
	GlobalSection(NestedProjects) = preSolution
		{361423DC-2910-4085-8321-AB85357BF3A4} = {D19B4DDB-C8A7-43F3-AFFD-108D92DBB122}
		{E88CB45A-00D3-4A2B-92CE-3EBE7C1FE79F} = {E3CC87D0-BC81-4229-97AD-8BB687AF2D22}
		{F4B72384-7410-40AC-8252-32FB3554F6D5} = {E36B3467-263C-4A5A-9D8F-535691810623}
		{8C19BECC-763F-4428-A432-F277E05BDBED} = {E3CC87D0-BC81-4229-97AD-8BB687AF2D22}
		{E4EC383A-10EC-4190-B545-F306A0B59B54} = {BD62021F-E09D-4B26-AF66-38A760029DDF}
		{57E02CC9-E12C-4EF9-8AA6-26043682F293} = {BD62021F-E09D-4B26-AF66-38A760029DDF}
		{CFAFF690-83C4-4C41-AAF3-9C1C254D9D9B} = {BD62021F-E09D-4B26-AF66-38A760029DDF}
		{BE84914C-12C4-42C3-9E87-D9D542C4A3AF} = {E4EC383A-10EC-4190-B545-F306A0B59B54}
		{6016583E-D026-4F93-A684-84A90162B0E9} = {CFAFF690-83C4-4C41-AAF3-9C1C254D9D9B}
		{DE249075-2CED-46E5-8970-5DEB92BC689F} = {57E02CC9-E12C-4EF9-8AA6-26043682F293}
		{80C90557-569F-4F75-BC2A-B8BEF2E392F7} = {E3CC87D0-BC81-4229-97AD-8BB687AF2D22}
		{E3CC87D0-BC81-4229-97AD-8BB687AF2D22} = {D19B4DDB-C8A7-43F3-AFFD-108D92DBB122}
		{E36B3467-263C-4A5A-9D8F-535691810623} = {D19B4DDB-C8A7-43F3-AFFD-108D92DBB122}
		{0EB4EB60-1F2F-41F9-A953-FAABAB997009} = {57E02CC9-E12C-4EF9-8AA6-26043682F293}
	EndGlobalSection
	GlobalSection(ExtensibilityGlobals) = postSolution
		SolutionGuid = {D54F706C-0266-4E79-A686-3ED75A83B493}
	EndGlobalSection
EndGlobal
